CLUSTER_CU124_IMAGE=lerobot-gpu:cu124
CLUSTER_CU124_IMAGE_ID=sha256:7198b35fb7f8d9a283d6f13a41ac039e730de64745ba86727250dc87b3658bad
CLUSTER_F_IMAGE=huggingface/lerobot-gpu:latest
CLUSTER_F_IMAGE_ID=sha256:5e5ce44fbaf243708ee5ffadd13d87a531bb1182bef61a6a68a721821f145979

BASE_POLICY_SHA256=0eb11ca9587678c1d2ef8cf32807c29f8ce53a2bfdfc1aa4a4c96f16fca59b0f
MEM_VIT_SHA256=6680f3dc4a521c25afb1413527335ab282bf80deda5fca237d1acd8cfae6f017
BASE_POLICY_ARTIFACT_ID=lerobot_pi05_base_local_tokenizer_v1
MEM_VIT_ARTIFACT_ID=mem_vit_distill_20260716_142702
POLICY_TOKENIZER_ARTIFACT_ID=google_paligemma_3b_pt_224_tokenizer_v1
POLICY_TOKENIZER_SHA256=25210485649dfd698c80c4d0e737326b0ffcead7086968d4c7e0faf71cb21bb5

STAFF1_EPISODES=2291
STAFF1_VIDEOS=4582
STAFF1_INFO_SHA256=44e654419bc391560b762ccd5d88cf248779ce55a555b251d310beae99c9392d
STAFF1_SEMANTIC_SHA256=5d5ad466579f1336ca9d5b4b2f2d5517bc6f7e4fe1aaeda3f41c733c3bacdbc3
STAFF1_BOUNDARIES_SHA256=a18d72323fddc1e078fb3c6d20c2d6e6d152863d1349f02cd70fd1d00e5713f6

ALL_SCENES_EPISODES=4170
ALL_SCENES_VIDEOS=8340
ALL_SCENES_INFO_SHA256=0a74c8b2b03cc94af0bfdd16ea1bcd86648e2c80bb37a8793cd190a4ddcc426b
ALL_SCENES_SEMANTIC_SHA256=5c9aa0f0f564bb0af73ee0264a5c53a72c881ae24b8ddd6713ff95c06ab43852
ALL_SCENES_BOUNDARIES_SHA256=fe5f8d5673c86b981dfab66cd5b1743aa5f40098ca946b994d511c347434bb35
